
Microsoft Visual Studio Solution File, Format Version 12.00
Project("{2150E333-8FDC-42A3-9474-1A3956D46DE8}") = "Variables", "Variables", "{8E1871C8-3703-4F96-942B-4195A9FF9FEA}"
EndProject
Project("{FAE04EC0-301F-11D3-BF4B-00C04F79EFBC}") = "QVariables", "Variables\QVariables\QVariables.csproj", "{6F7CDDD2-D887-4215-9297-9367E2B0B58B}"
EndProject
Project("{2150E333-8FDC-42A3-9474-1A3956D46DE8}") = "Protocols", "Protocols", "{2F390566-E2DF-4D8B-93D9-FEEC53923D27}"
EndProject
Project("{2150E333-8FDC-42A3-9474-1A3956D46DE8}") = "Drivers", "Drivers", "{B09CCB8B-5629-4D0B-AC0D-15CCE50F17C6}"
EndProject
Project("{2150E333-8FDC-42A3-9474-1A3956D46DE8}") = "Modules", "Modules", "{A79FF5AB-1798-446C-9B72-83F32C976FF1}"
EndProject
Project("{FAE04EC0-301F-11D3-BF4B-00C04F79EFBC}") = "Protocol", "Protocols\Protocol\Protocol.csproj", "{5B880E82-FB1B-444E-899E-E1D961EBCFD6}"
EndProject
Project("{FAE04EC0-301F-11D3-BF4B-00C04F79EFBC}") = "Driver", "Drivers\Driver\Driver.csproj", "{A67FF8A0-4FC9-40F4-BB8C-D3E91326A19A}"
EndProject
Project("{FAE04EC0-301F-11D3-BF4B-00C04F79EFBC}") = "Module", "Modules\Module\Module.csproj", "{839C85C0-019D-4D63-B794-5ED0A0994C0F}"
EndProject
Project("{2150E333-8FDC-42A3-9474-1A3956D46DE8}") = "Common", "Common", "{FA456E72-5D93-4641-9B58-DB7F4F1855F2}"
EndProject
Project("{FAE04EC0-301F-11D3-BF4B-00C04F79EFBC}") = "CoreComm", "Common\CoreComm\CoreComm.csproj", "{93E9AB59-FCDB-46C4-A69F-22A5E6928390}"
EndProject
Project("{2150E333-8FDC-42A3-9474-1A3956D46DE8}") = "Specifications", "Specifications", "{3AE6C5F0-420F-42AA-B120-BABCD6A6E1F2}"
EndProject
Project("{FAE04EC0-301F-11D3-BF4B-00C04F79EFBC}") = "ProtocolVariableSpecification", "Specifications\ProtocolVariableSpecification\ProtocolVariableSpecification.csproj", "{51885D12-F559-4723-BE39-CFAAF114283B}"
EndProject
Project("{FAE04EC0-301F-11D3-BF4B-00C04F79EFBC}") = "Specification", "Specifications\Specification\Specification.csproj", "{FFDCF39F-834A-4EEC-A5A7-FB12247D56FA}"
EndProject
Project("{FAE04EC0-301F-11D3-BF4B-00C04F79EFBC}") = "ComponentSpecification", "Modules\ComponentSpecification\ComponentSpecification.csproj", "{A3433E01-E20D-4B09-8669-C197A7F58FBE}"
EndProject
Project("{FAE04EC0-301F-11D3-BF4B-00C04F79EFBC}") = "QModule", "Modules\QModule\QModule.csproj", "{0A53166A-451B-408C-8A71-75BCA4C9C009}"
EndProject
Project("{FAE04EC0-301F-11D3-BF4B-00C04F79EFBC}") = "UnifModule", "Modules\UnifModule\UnifModule.csproj", "{98BAA76E-4B94-4CD8-A043-2F9A8D671815}"
EndProject
Project("{2150E333-8FDC-42A3-9474-1A3956D46DE8}") = "DatabaseDrivers", "DatabaseDrivers", "{05131E06-6155-41E7-A34C-484917FD2B44}"
EndProject
Project("{2150E333-8FDC-42A3-9474-1A3956D46DE8}") = "CommunicationDrivers", "CommunicationDrivers", "{C9868B8E-7370-4CC9-951A-6E905BD883B1}"
EndProject
Project("{FAE04EC0-301F-11D3-BF4B-00C04F79EFBC}") = "ZmqClientDriver", "Drivers\ZmqClientDriver\ZmqClientDriver.csproj", "{DB3EA8D4-2EF2-4C62-8A54-42DEC18BCB01}"
EndProject
Project("{2150E333-8FDC-42A3-9474-1A3956D46DE8}") = "LogSystems", "LogSystems", "{66E74206-4C70-4BBE-B7E8-102AF6EE38CE}"
EndProject
Project("{FAE04EC0-301F-11D3-BF4B-00C04F79EFBC}") = "LogSystem", "LogSystems\LogSystem\LogSystem.csproj", "{6FBD8C16-1F7B-45E1-8773-562C2625EC5F}"
EndProject
Project("{FAE04EC0-301F-11D3-BF4B-00C04F79EFBC}") = "NLogSubscriber", "LogSystems\NLogSubscriber\NLogSubscriber.csproj", "{4D905356-4964-41AC-BD6E-8381150F1524}"
EndProject
Project("{FAE04EC0-301F-11D3-BF4B-00C04F79EFBC}") = "ConsoleLogSubscriber", "LogSystems\ConsoleLogSubscriber\ConsoleLogSubscriber.csproj", "{B37F1605-BE06-4532-8966-B65FEEDB2485}"
EndProject
Project("{2150E333-8FDC-42A3-9474-1A3956D46DE8}") = "_Tests", "_Tests", "{827E222C-6AE0-4CBF-9A47-24646AF4D0B5}"
EndProject
Project("{2150E333-8FDC-42A3-9474-1A3956D46DE8}") = "Integral", "Integral", "{3EC5EBED-6D96-449D-9590-40BB3E5B39AA}"
EndProject
Project("{FAE04EC0-301F-11D3-BF4B-00C04F79EFBC}") = "ConsoleLogTest", "LogSystems\_Tests\Integral\ConsoleLogTest\ConsoleLogTest.csproj", "{EE64E3FD-C2FC-48A5-AF52-217233F166F8}"
EndProject
Project("{FAE04EC0-301F-11D3-BF4B-00C04F79EFBC}") = "ModuleXmlHandler", "Modules\ModuleXmlHandler\ModuleXmlHandler.csproj", "{35D01DAE-E17E-4A73-A285-BD2A205B0771}"
EndProject
Project("{2150E333-8FDC-42A3-9474-1A3956D46DE8}") = "_Tests", "_Tests", "{E829CEBB-9D85-43D9-9F54-E93C6EBDCF8A}"
EndProject
Project("{2150E333-8FDC-42A3-9474-1A3956D46DE8}") = "Integral", "Integral", "{2C4A806C-0C26-4926-9B7D-C1C0728C3BD2}"
EndProject
Project("{FAE04EC0-301F-11D3-BF4B-00C04F79EFBC}") = "XmlReadWriteTest", "Modules\_Tests\Integral\XmlReadWriteTest\XmlReadWriteTest.csproj", "{5624F006-4FE9-4DEB-ACB3-F154DC47E257}"
EndProject
Project("{FAE04EC0-301F-11D3-BF4B-00C04F79EFBC}") = "SimpleProtocol", "Protocols\SimpleProtocol\SimpleProtocol.csproj", "{673ED106-3B85-48BA-B173-D3D0E8F99E1F}"
EndProject
Project("{FAE04EC0-301F-11D3-BF4B-00C04F79EFBC}") = "PluginManager", "Common\PluginManager\PluginManager.csproj", "{7318EAE9-30EA-4505-844C-3E37F5D8452F}"
EndProject
Project("{2150E333-8FDC-42A3-9474-1A3956D46DE8}") = "_Tests", "_Tests", "{A2C980A9-B289-493E-B258-A10E525DC47D}"
EndProject
Project("{2150E333-8FDC-42A3-9474-1A3956D46DE8}") = "Integral", "Integral", "{61A1566D-DE86-440F-A921-C2CBE9DC54E9}"
EndProject
Project("{FAE04EC0-301F-11D3-BF4B-00C04F79EFBC}") = "PluginManagerTest", "Common\_Tests\Integral\PluginManagerTest\PluginManagerTest.csproj", "{7911A878-D593-40C1-B4FF-14ADDC583AA1}"
EndProject
Project("{2150E333-8FDC-42A3-9474-1A3956D46DE8}") = "PluginManagerTestPlugins", "PluginManagerTestPlugins", "{C8C104B7-362D-4416-BBEE-F5DD20EFDE15}"
EndProject
Project("{FAE04EC0-301F-11D3-BF4B-00C04F79EFBC}") = "PluginBase", "Common\_Tests\Integral\PluginBase\PluginBase.csproj", "{05A22DA7-08AA-4470-B5CF-B2CCF0732C9B}"
EndProject
Project("{FAE04EC0-301F-11D3-BF4B-00C04F79EFBC}") = "APlugin", "Common\_Tests\Integral\APlugin\APlugin.csproj", "{B62CCBE8-A253-49D1-BD6E-9935128D968C}"
EndProject
Project("{FAE04EC0-301F-11D3-BF4B-00C04F79EFBC}") = "BPlugin", "Common\_Tests\Integral\BPlugin\BPlugin.csproj", "{FE98F2DC-2D65-453B-9F3F-07306D201752}"
EndProject
Project("{FAE04EC0-301F-11D3-BF4B-00C04F79EFBC}") = "CreateRealModuleTest", "Modules\_Tests\Integral\CreateRealModuleTest\CreateRealModuleTest.csproj", "{B0BB4CC9-F95D-46AC-8988-95E3045DF55D}"
EndProject
Project("{2150E333-8FDC-42A3-9474-1A3956D46DE8}") = "_Tests", "_Tests", "{28ADD757-3C55-479B-A19B-0D67CC9A1CC1}"
EndProject
Project("{2150E333-8FDC-42A3-9474-1A3956D46DE8}") = "Integral", "Integral", "{FB4D1749-FD58-4102-89B6-895DEED83D72}"
EndProject
Project("{FAE04EC0-301F-11D3-BF4B-00C04F79EFBC}") = "CreateVariableTest", "Variables\CreateVariableTest\CreateVariableTest.csproj", "{60222C96-D5D5-41F0-985A-A01267E2B276}"
EndProject
Project("{FAE04EC0-301F-11D3-BF4B-00C04F79EFBC}") = "PeakCanDriver", "Drivers\PeakCanDriver\PeakCanDriver.csproj", "{DC51B8CD-3621-4A4A-BA94-16368DF4691A}"
EndProject
Project("{FAE04EC0-301F-11D3-BF4B-00C04F79EFBC}") = "XcpProtocol", "Protocols\XcpProtocol\XcpProtocol.csproj", "{E9D2037B-FD8A-4C40-8304-31118C1EBE27}"
EndProject
Project("{FAE04EC0-301F-11D3-BF4B-00C04F79EFBC}") = "ValuePresentation", "Variables\ValuePresentation\ValuePresentation.csproj", "{60F53E36-E80C-4148-81F2-E7E7E5D44CB8}"
EndProject
Project("{FAE04EC0-301F-11D3-BF4B-00C04F79EFBC}") = "ValueConversion", "Variables\ValueConversion\ValueConversion.csproj", "{4904097B-EF24-4B5D-993B-0AB264516D1E}"
EndProject
Project("{FAE04EC0-301F-11D3-BF4B-00C04F79EFBC}") = "ZmqServerDriver", "Drivers\ZmqServerDriver\ZmqServerDriver.csproj", "{537CE241-E588-4A45-98ED-04E40E3B462E}"
EndProject
Project("{2150E333-8FDC-42A3-9474-1A3956D46DE8}") = "_Tests", "_Tests", "{88D25C7E-5FE4-4ECB-B5C8-F1EC1CCA1B28}"
EndProject
Project("{2150E333-8FDC-42A3-9474-1A3956D46DE8}") = "Integral", "Integral", "{ABA58481-1773-4C0B-A790-4639B4F79824}"
EndProject
Project("{FAE04EC0-301F-11D3-BF4B-00C04F79EFBC}") = "DriverTest", "Drivers\_Tests\Integral\DriverTest\DriverTest.csproj", "{2C94545F-C612-4EF0-81FE-F09EC5B39C8D}"
EndProject
Project("{FAE04EC0-301F-11D3-BF4B-00C04F79EFBC}") = "VariableEvents", "Variables\VariableEvents\VariableEvents.csproj", "{6749389D-237D-4B20-BE21-D8F883C9416C}"
EndProject
Global
	GlobalSection(SolutionConfigurationPlatforms) = preSolution
		Debug|Any CPU = Debug|Any CPU
		Release|Any CPU = Release|Any CPU
	EndGlobalSection
	GlobalSection(ProjectConfigurationPlatforms) = postSolution
		{6F7CDDD2-D887-4215-9297-9367E2B0B58B}.Debug|Any CPU.ActiveCfg = Debug|Any CPU
		{6F7CDDD2-D887-4215-9297-9367E2B0B58B}.Debug|Any CPU.Build.0 = Debug|Any CPU
		{6F7CDDD2-D887-4215-9297-9367E2B0B58B}.Release|Any CPU.ActiveCfg = Release|Any CPU
		{6F7CDDD2-D887-4215-9297-9367E2B0B58B}.Release|Any CPU.Build.0 = Release|Any CPU
		{5B880E82-FB1B-444E-899E-E1D961EBCFD6}.Debug|Any CPU.ActiveCfg = Debug|Any CPU
		{5B880E82-FB1B-444E-899E-E1D961EBCFD6}.Debug|Any CPU.Build.0 = Debug|Any CPU
		{5B880E82-FB1B-444E-899E-E1D961EBCFD6}.Release|Any CPU.ActiveCfg = Release|Any CPU
		{5B880E82-FB1B-444E-899E-E1D961EBCFD6}.Release|Any CPU.Build.0 = Release|Any CPU
		{A67FF8A0-4FC9-40F4-BB8C-D3E91326A19A}.Debug|Any CPU.ActiveCfg = Debug|Any CPU
		{A67FF8A0-4FC9-40F4-BB8C-D3E91326A19A}.Debug|Any CPU.Build.0 = Debug|Any CPU
		{A67FF8A0-4FC9-40F4-BB8C-D3E91326A19A}.Release|Any CPU.ActiveCfg = Release|Any CPU
		{A67FF8A0-4FC9-40F4-BB8C-D3E91326A19A}.Release|Any CPU.Build.0 = Release|Any CPU
		{839C85C0-019D-4D63-B794-5ED0A0994C0F}.Debug|Any CPU.ActiveCfg = Debug|Any CPU
		{839C85C0-019D-4D63-B794-5ED0A0994C0F}.Debug|Any CPU.Build.0 = Debug|Any CPU
		{839C85C0-019D-4D63-B794-5ED0A0994C0F}.Release|Any CPU.ActiveCfg = Release|Any CPU
		{839C85C0-019D-4D63-B794-5ED0A0994C0F}.Release|Any CPU.Build.0 = Release|Any CPU
		{93E9AB59-FCDB-46C4-A69F-22A5E6928390}.Debug|Any CPU.ActiveCfg = Debug|Any CPU
		{93E9AB59-FCDB-46C4-A69F-22A5E6928390}.Debug|Any CPU.Build.0 = Debug|Any CPU
		{93E9AB59-FCDB-46C4-A69F-22A5E6928390}.Release|Any CPU.ActiveCfg = Release|Any CPU
		{93E9AB59-FCDB-46C4-A69F-22A5E6928390}.Release|Any CPU.Build.0 = Release|Any CPU
		{51885D12-F559-4723-BE39-CFAAF114283B}.Debug|Any CPU.ActiveCfg = Debug|Any CPU
		{51885D12-F559-4723-BE39-CFAAF114283B}.Debug|Any CPU.Build.0 = Debug|Any CPU
		{51885D12-F559-4723-BE39-CFAAF114283B}.Release|Any CPU.ActiveCfg = Release|Any CPU
		{51885D12-F559-4723-BE39-CFAAF114283B}.Release|Any CPU.Build.0 = Release|Any CPU
		{FFDCF39F-834A-4EEC-A5A7-FB12247D56FA}.Debug|Any CPU.ActiveCfg = Debug|Any CPU
		{FFDCF39F-834A-4EEC-A5A7-FB12247D56FA}.Debug|Any CPU.Build.0 = Debug|Any CPU
		{FFDCF39F-834A-4EEC-A5A7-FB12247D56FA}.Release|Any CPU.ActiveCfg = Release|Any CPU
		{FFDCF39F-834A-4EEC-A5A7-FB12247D56FA}.Release|Any CPU.Build.0 = Release|Any CPU
		{A3433E01-E20D-4B09-8669-C197A7F58FBE}.Debug|Any CPU.ActiveCfg = Debug|Any CPU
		{A3433E01-E20D-4B09-8669-C197A7F58FBE}.Debug|Any CPU.Build.0 = Debug|Any CPU
		{A3433E01-E20D-4B09-8669-C197A7F58FBE}.Release|Any CPU.ActiveCfg = Release|Any CPU
		{A3433E01-E20D-4B09-8669-C197A7F58FBE}.Release|Any CPU.Build.0 = Release|Any CPU
		{0A53166A-451B-408C-8A71-75BCA4C9C009}.Debug|Any CPU.ActiveCfg = Debug|Any CPU
		{0A53166A-451B-408C-8A71-75BCA4C9C009}.Debug|Any CPU.Build.0 = Debug|Any CPU
		{0A53166A-451B-408C-8A71-75BCA4C9C009}.Release|Any CPU.ActiveCfg = Release|Any CPU
		{0A53166A-451B-408C-8A71-75BCA4C9C009}.Release|Any CPU.Build.0 = Release|Any CPU
		{98BAA76E-4B94-4CD8-A043-2F9A8D671815}.Debug|Any CPU.ActiveCfg = Debug|Any CPU
		{98BAA76E-4B94-4CD8-A043-2F9A8D671815}.Debug|Any CPU.Build.0 = Debug|Any CPU
		{98BAA76E-4B94-4CD8-A043-2F9A8D671815}.Release|Any CPU.ActiveCfg = Release|Any CPU
		{98BAA76E-4B94-4CD8-A043-2F9A8D671815}.Release|Any CPU.Build.0 = Release|Any CPU
		{DB3EA8D4-2EF2-4C62-8A54-42DEC18BCB01}.Debug|Any CPU.ActiveCfg = Debug|Any CPU
		{DB3EA8D4-2EF2-4C62-8A54-42DEC18BCB01}.Debug|Any CPU.Build.0 = Debug|Any CPU
		{DB3EA8D4-2EF2-4C62-8A54-42DEC18BCB01}.Release|Any CPU.ActiveCfg = Release|Any CPU
		{DB3EA8D4-2EF2-4C62-8A54-42DEC18BCB01}.Release|Any CPU.Build.0 = Release|Any CPU
		{6FBD8C16-1F7B-45E1-8773-562C2625EC5F}.Debug|Any CPU.ActiveCfg = Debug|Any CPU
		{6FBD8C16-1F7B-45E1-8773-562C2625EC5F}.Debug|Any CPU.Build.0 = Debug|Any CPU
		{6FBD8C16-1F7B-45E1-8773-562C2625EC5F}.Release|Any CPU.ActiveCfg = Release|Any CPU
		{6FBD8C16-1F7B-45E1-8773-562C2625EC5F}.Release|Any CPU.Build.0 = Release|Any CPU
		{4D905356-4964-41AC-BD6E-8381150F1524}.Debug|Any CPU.ActiveCfg = Debug|Any CPU
		{4D905356-4964-41AC-BD6E-8381150F1524}.Debug|Any CPU.Build.0 = Debug|Any CPU
		{4D905356-4964-41AC-BD6E-8381150F1524}.Release|Any CPU.ActiveCfg = Release|Any CPU
		{4D905356-4964-41AC-BD6E-8381150F1524}.Release|Any CPU.Build.0 = Release|Any CPU
		{B37F1605-BE06-4532-8966-B65FEEDB2485}.Debug|Any CPU.ActiveCfg = Debug|Any CPU
		{B37F1605-BE06-4532-8966-B65FEEDB2485}.Debug|Any CPU.Build.0 = Debug|Any CPU
		{B37F1605-BE06-4532-8966-B65FEEDB2485}.Release|Any CPU.ActiveCfg = Release|Any CPU
		{B37F1605-BE06-4532-8966-B65FEEDB2485}.Release|Any CPU.Build.0 = Release|Any CPU
		{EE64E3FD-C2FC-48A5-AF52-217233F166F8}.Debug|Any CPU.ActiveCfg = Debug|Any CPU
		{EE64E3FD-C2FC-48A5-AF52-217233F166F8}.Debug|Any CPU.Build.0 = Debug|Any CPU
		{EE64E3FD-C2FC-48A5-AF52-217233F166F8}.Release|Any CPU.ActiveCfg = Release|Any CPU
		{EE64E3FD-C2FC-48A5-AF52-217233F166F8}.Release|Any CPU.Build.0 = Release|Any CPU
		{35D01DAE-E17E-4A73-A285-BD2A205B0771}.Debug|Any CPU.ActiveCfg = Debug|Any CPU
		{35D01DAE-E17E-4A73-A285-BD2A205B0771}.Debug|Any CPU.Build.0 = Debug|Any CPU
		{35D01DAE-E17E-4A73-A285-BD2A205B0771}.Release|Any CPU.ActiveCfg = Release|Any CPU
		{35D01DAE-E17E-4A73-A285-BD2A205B0771}.Release|Any CPU.Build.0 = Release|Any CPU
		{5624F006-4FE9-4DEB-ACB3-F154DC47E257}.Debug|Any CPU.ActiveCfg = Debug|Any CPU
		{5624F006-4FE9-4DEB-ACB3-F154DC47E257}.Debug|Any CPU.Build.0 = Debug|Any CPU
		{5624F006-4FE9-4DEB-ACB3-F154DC47E257}.Release|Any CPU.ActiveCfg = Release|Any CPU
		{5624F006-4FE9-4DEB-ACB3-F154DC47E257}.Release|Any CPU.Build.0 = Release|Any CPU
		{673ED106-3B85-48BA-B173-D3D0E8F99E1F}.Debug|Any CPU.ActiveCfg = Debug|Any CPU
		{673ED106-3B85-48BA-B173-D3D0E8F99E1F}.Debug|Any CPU.Build.0 = Debug|Any CPU
		{673ED106-3B85-48BA-B173-D3D0E8F99E1F}.Release|Any CPU.ActiveCfg = Release|Any CPU
		{673ED106-3B85-48BA-B173-D3D0E8F99E1F}.Release|Any CPU.Build.0 = Release|Any CPU
		{7318EAE9-30EA-4505-844C-3E37F5D8452F}.Debug|Any CPU.ActiveCfg = Debug|Any CPU
		{7318EAE9-30EA-4505-844C-3E37F5D8452F}.Debug|Any CPU.Build.0 = Debug|Any CPU
		{7318EAE9-30EA-4505-844C-3E37F5D8452F}.Release|Any CPU.ActiveCfg = Release|Any CPU
		{7318EAE9-30EA-4505-844C-3E37F5D8452F}.Release|Any CPU.Build.0 = Release|Any CPU
		{7911A878-D593-40C1-B4FF-14ADDC583AA1}.Debug|Any CPU.ActiveCfg = Debug|Any CPU
		{7911A878-D593-40C1-B4FF-14ADDC583AA1}.Debug|Any CPU.Build.0 = Debug|Any CPU
		{7911A878-D593-40C1-B4FF-14ADDC583AA1}.Release|Any CPU.ActiveCfg = Release|Any CPU
		{7911A878-D593-40C1-B4FF-14ADDC583AA1}.Release|Any CPU.Build.0 = Release|Any CPU
		{05A22DA7-08AA-4470-B5CF-B2CCF0732C9B}.Debug|Any CPU.ActiveCfg = Debug|Any CPU
		{05A22DA7-08AA-4470-B5CF-B2CCF0732C9B}.Debug|Any CPU.Build.0 = Debug|Any CPU
		{05A22DA7-08AA-4470-B5CF-B2CCF0732C9B}.Release|Any CPU.ActiveCfg = Release|Any CPU
		{05A22DA7-08AA-4470-B5CF-B2CCF0732C9B}.Release|Any CPU.Build.0 = Release|Any CPU
		{B62CCBE8-A253-49D1-BD6E-9935128D968C}.Debug|Any CPU.ActiveCfg = Debug|Any CPU
		{B62CCBE8-A253-49D1-BD6E-9935128D968C}.Debug|Any CPU.Build.0 = Debug|Any CPU
		{B62CCBE8-A253-49D1-BD6E-9935128D968C}.Release|Any CPU.ActiveCfg = Release|Any CPU
		{B62CCBE8-A253-49D1-BD6E-9935128D968C}.Release|Any CPU.Build.0 = Release|Any CPU
		{FE98F2DC-2D65-453B-9F3F-07306D201752}.Debug|Any CPU.ActiveCfg = Debug|Any CPU
		{FE98F2DC-2D65-453B-9F3F-07306D201752}.Debug|Any CPU.Build.0 = Debug|Any CPU
		{FE98F2DC-2D65-453B-9F3F-07306D201752}.Release|Any CPU.ActiveCfg = Release|Any CPU
		{FE98F2DC-2D65-453B-9F3F-07306D201752}.Release|Any CPU.Build.0 = Release|Any CPU
		{B0BB4CC9-F95D-46AC-8988-95E3045DF55D}.Debug|Any CPU.ActiveCfg = Debug|Any CPU
		{B0BB4CC9-F95D-46AC-8988-95E3045DF55D}.Debug|Any CPU.Build.0 = Debug|Any CPU
		{B0BB4CC9-F95D-46AC-8988-95E3045DF55D}.Release|Any CPU.ActiveCfg = Release|Any CPU
		{B0BB4CC9-F95D-46AC-8988-95E3045DF55D}.Release|Any CPU.Build.0 = Release|Any CPU
		{60222C96-D5D5-41F0-985A-A01267E2B276}.Debug|Any CPU.ActiveCfg = Debug|Any CPU
		{60222C96-D5D5-41F0-985A-A01267E2B276}.Debug|Any CPU.Build.0 = Debug|Any CPU
		{60222C96-D5D5-41F0-985A-A01267E2B276}.Release|Any CPU.ActiveCfg = Release|Any CPU
		{60222C96-D5D5-41F0-985A-A01267E2B276}.Release|Any CPU.Build.0 = Release|Any CPU
		{DC51B8CD-3621-4A4A-BA94-16368DF4691A}.Debug|Any CPU.ActiveCfg = Debug|Any CPU
		{DC51B8CD-3621-4A4A-BA94-16368DF4691A}.Debug|Any CPU.Build.0 = Debug|Any CPU
		{DC51B8CD-3621-4A4A-BA94-16368DF4691A}.Release|Any CPU.ActiveCfg = Release|Any CPU
		{DC51B8CD-3621-4A4A-BA94-16368DF4691A}.Release|Any CPU.Build.0 = Release|Any CPU
		{E9D2037B-FD8A-4C40-8304-31118C1EBE27}.Debug|Any CPU.ActiveCfg = Debug|Any CPU
		{E9D2037B-FD8A-4C40-8304-31118C1EBE27}.Debug|Any CPU.Build.0 = Debug|Any CPU
		{E9D2037B-FD8A-4C40-8304-31118C1EBE27}.Release|Any CPU.ActiveCfg = Release|Any CPU
		{E9D2037B-FD8A-4C40-8304-31118C1EBE27}.Release|Any CPU.Build.0 = Release|Any CPU
		{60F53E36-E80C-4148-81F2-E7E7E5D44CB8}.Debug|Any CPU.ActiveCfg = Debug|Any CPU
		{60F53E36-E80C-4148-81F2-E7E7E5D44CB8}.Debug|Any CPU.Build.0 = Debug|Any CPU
		{60F53E36-E80C-4148-81F2-E7E7E5D44CB8}.Release|Any CPU.ActiveCfg = Release|Any CPU
		{60F53E36-E80C-4148-81F2-E7E7E5D44CB8}.Release|Any CPU.Build.0 = Release|Any CPU
		{4904097B-EF24-4B5D-993B-0AB264516D1E}.Debug|Any CPU.ActiveCfg = Debug|Any CPU
		{4904097B-EF24-4B5D-993B-0AB264516D1E}.Debug|Any CPU.Build.0 = Debug|Any CPU
		{4904097B-EF24-4B5D-993B-0AB264516D1E}.Release|Any CPU.ActiveCfg = Release|Any CPU
		{4904097B-EF24-4B5D-993B-0AB264516D1E}.Release|Any CPU.Build.0 = Release|Any CPU
		{537CE241-E588-4A45-98ED-04E40E3B462E}.Debug|Any CPU.ActiveCfg = Debug|Any CPU
		{537CE241-E588-4A45-98ED-04E40E3B462E}.Debug|Any CPU.Build.0 = Debug|Any CPU
		{537CE241-E588-4A45-98ED-04E40E3B462E}.Release|Any CPU.ActiveCfg = Release|Any CPU
		{537CE241-E588-4A45-98ED-04E40E3B462E}.Release|Any CPU.Build.0 = Release|Any CPU
		{2C94545F-C612-4EF0-81FE-F09EC5B39C8D}.Debug|Any CPU.ActiveCfg = Debug|Any CPU
		{2C94545F-C612-4EF0-81FE-F09EC5B39C8D}.Debug|Any CPU.Build.0 = Debug|Any CPU
		{2C94545F-C612-4EF0-81FE-F09EC5B39C8D}.Release|Any CPU.ActiveCfg = Release|Any CPU
		{2C94545F-C612-4EF0-81FE-F09EC5B39C8D}.Release|Any CPU.Build.0 = Release|Any CPU
		{6749389D-237D-4B20-BE21-D8F883C9416C}.Debug|Any CPU.ActiveCfg = Debug|Any CPU
		{6749389D-237D-4B20-BE21-D8F883C9416C}.Debug|Any CPU.Build.0 = Debug|Any CPU
		{6749389D-237D-4B20-BE21-D8F883C9416C}.Release|Any CPU.ActiveCfg = Release|Any CPU
		{6749389D-237D-4B20-BE21-D8F883C9416C}.Release|Any CPU.Build.0 = Release|Any CPU
	EndGlobalSection
	GlobalSection(NestedProjects) = preSolution
		{6F7CDDD2-D887-4215-9297-9367E2B0B58B} = {8E1871C8-3703-4F96-942B-4195A9FF9FEA}
		{5B880E82-FB1B-444E-899E-E1D961EBCFD6} = {2F390566-E2DF-4D8B-93D9-FEEC53923D27}
		{A67FF8A0-4FC9-40F4-BB8C-D3E91326A19A} = {B09CCB8B-5629-4D0B-AC0D-15CCE50F17C6}
		{839C85C0-019D-4D63-B794-5ED0A0994C0F} = {A79FF5AB-1798-446C-9B72-83F32C976FF1}
		{93E9AB59-FCDB-46C4-A69F-22A5E6928390} = {FA456E72-5D93-4641-9B58-DB7F4F1855F2}
		{51885D12-F559-4723-BE39-CFAAF114283B} = {3AE6C5F0-420F-42AA-B120-BABCD6A6E1F2}
		{FFDCF39F-834A-4EEC-A5A7-FB12247D56FA} = {3AE6C5F0-420F-42AA-B120-BABCD6A6E1F2}
		{A3433E01-E20D-4B09-8669-C197A7F58FBE} = {A79FF5AB-1798-446C-9B72-83F32C976FF1}
		{0A53166A-451B-408C-8A71-75BCA4C9C009} = {A79FF5AB-1798-446C-9B72-83F32C976FF1}
		{98BAA76E-4B94-4CD8-A043-2F9A8D671815} = {A79FF5AB-1798-446C-9B72-83F32C976FF1}
		{05131E06-6155-41E7-A34C-484917FD2B44} = {B09CCB8B-5629-4D0B-AC0D-15CCE50F17C6}
		{C9868B8E-7370-4CC9-951A-6E905BD883B1} = {B09CCB8B-5629-4D0B-AC0D-15CCE50F17C6}
		{DB3EA8D4-2EF2-4C62-8A54-42DEC18BCB01} = {C9868B8E-7370-4CC9-951A-6E905BD883B1}
		{6FBD8C16-1F7B-45E1-8773-562C2625EC5F} = {66E74206-4C70-4BBE-B7E8-102AF6EE38CE}
		{4D905356-4964-41AC-BD6E-8381150F1524} = {66E74206-4C70-4BBE-B7E8-102AF6EE38CE}
		{B37F1605-BE06-4532-8966-B65FEEDB2485} = {66E74206-4C70-4BBE-B7E8-102AF6EE38CE}
		{827E222C-6AE0-4CBF-9A47-24646AF4D0B5} = {66E74206-4C70-4BBE-B7E8-102AF6EE38CE}
		{3EC5EBED-6D96-449D-9590-40BB3E5B39AA} = {827E222C-6AE0-4CBF-9A47-24646AF4D0B5}
		{EE64E3FD-C2FC-48A5-AF52-217233F166F8} = {3EC5EBED-6D96-449D-9590-40BB3E5B39AA}
		{35D01DAE-E17E-4A73-A285-BD2A205B0771} = {A79FF5AB-1798-446C-9B72-83F32C976FF1}
		{E829CEBB-9D85-43D9-9F54-E93C6EBDCF8A} = {A79FF5AB-1798-446C-9B72-83F32C976FF1}
		{2C4A806C-0C26-4926-9B7D-C1C0728C3BD2} = {E829CEBB-9D85-43D9-9F54-E93C6EBDCF8A}
		{5624F006-4FE9-4DEB-ACB3-F154DC47E257} = {2C4A806C-0C26-4926-9B7D-C1C0728C3BD2}
		{673ED106-3B85-48BA-B173-D3D0E8F99E1F} = {2F390566-E2DF-4D8B-93D9-FEEC53923D27}
		{7318EAE9-30EA-4505-844C-3E37F5D8452F} = {FA456E72-5D93-4641-9B58-DB7F4F1855F2}
		{A2C980A9-B289-493E-B258-A10E525DC47D} = {FA456E72-5D93-4641-9B58-DB7F4F1855F2}
		{61A1566D-DE86-440F-A921-C2CBE9DC54E9} = {A2C980A9-B289-493E-B258-A10E525DC47D}
		{7911A878-D593-40C1-B4FF-14ADDC583AA1} = {61A1566D-DE86-440F-A921-C2CBE9DC54E9}
		{C8C104B7-362D-4416-BBEE-F5DD20EFDE15} = {61A1566D-DE86-440F-A921-C2CBE9DC54E9}
		{05A22DA7-08AA-4470-B5CF-B2CCF0732C9B} = {C8C104B7-362D-4416-BBEE-F5DD20EFDE15}
		{B62CCBE8-A253-49D1-BD6E-9935128D968C} = {C8C104B7-362D-4416-BBEE-F5DD20EFDE15}
		{FE98F2DC-2D65-453B-9F3F-07306D201752} = {C8C104B7-362D-4416-BBEE-F5DD20EFDE15}
		{B0BB4CC9-F95D-46AC-8988-95E3045DF55D} = {2C4A806C-0C26-4926-9B7D-C1C0728C3BD2}
		{28ADD757-3C55-479B-A19B-0D67CC9A1CC1} = {8E1871C8-3703-4F96-942B-4195A9FF9FEA}
		{FB4D1749-FD58-4102-89B6-895DEED83D72} = {28ADD757-3C55-479B-A19B-0D67CC9A1CC1}
		{60222C96-D5D5-41F0-985A-A01267E2B276} = {FB4D1749-FD58-4102-89B6-895DEED83D72}
		{DC51B8CD-3621-4A4A-BA94-16368DF4691A} = {C9868B8E-7370-4CC9-951A-6E905BD883B1}
		{E9D2037B-FD8A-4C40-8304-31118C1EBE27} = {2F390566-E2DF-4D8B-93D9-FEEC53923D27}
		{60F53E36-E80C-4148-81F2-E7E7E5D44CB8} = {8E1871C8-3703-4F96-942B-4195A9FF9FEA}
		{4904097B-EF24-4B5D-993B-0AB264516D1E} = {8E1871C8-3703-4F96-942B-4195A9FF9FEA}
		{537CE241-E588-4A45-98ED-04E40E3B462E} = {C9868B8E-7370-4CC9-951A-6E905BD883B1}
		{88D25C7E-5FE4-4ECB-B5C8-F1EC1CCA1B28} = {B09CCB8B-5629-4D0B-AC0D-15CCE50F17C6}
		{ABA58481-1773-4C0B-A790-4639B4F79824} = {88D25C7E-5FE4-4ECB-B5C8-F1EC1CCA1B28}
		{2C94545F-C612-4EF0-81FE-F09EC5B39C8D} = {ABA58481-1773-4C0B-A790-4639B4F79824}
		{6749389D-237D-4B20-BE21-D8F883C9416C} = {8E1871C8-3703-4F96-942B-4195A9FF9FEA}
	EndGlobalSection
EndGlobal
